
Microsoft Visual Studio Solution File, Format Version 12.00
# Visual Studio 14
VisualStudioVersion = 14.0.25420.1
MinimumVisualStudioVersion = 10.0.40219.1
Project("{FAE04EC0-301F-11D3-BF4B-00C04F79EFBC}") = "Yoktorm", "Yoktorm\Yoktorm.csproj", "{D4758D0D-18DE-48EA-8FA6-7DF5F14F0481}"
EndProject
Project("{FAE04EC0-301F-11D3-BF4B-00C04F79EFBC}") = "Yoktorm.CoreXUnit", "Testing\Yoktorm.CoreXUnit\Yoktorm.CoreXUnit.csproj", "{650B64BD-72C3-4E90-AD2E-E3E36EC590C6}"
EndProject
Project("{2150E333-8FDC-42A3-9474-1A3956D46DE8}") = "Testing", "Testing", "{4D8BBC97-25D9-4756-901B-6AC9F9265515}"
EndProject
Project("{FAE04EC0-301F-11D3-BF4B-00C04F79EFBC}") = "Yoktorm.SQLite", "Yoktorm.SQLite\Yoktorm.SQLite.csproj", "{9AEB3D6F-1405-4D0C-83AD-2EA95676BB71}"
EndProject
Project("{FAE04EC0-301F-11D3-BF4B-00C04F79EFBC}") = "SQLiteSample", "sample\SQLiteSample\SQLiteSample.csproj", "{B1F8C68F-83DC-4EFB-AB39-C8A090C70BB8}"
EndProject
Global
	GlobalSection(SolutionConfigurationPlatforms) = preSolution
		Debug|Any CPU = Debug|Any CPU
		Release|Any CPU = Release|Any CPU
	EndGlobalSection
	GlobalSection(ProjectConfigurationPlatforms) = postSolution
		{D4758D0D-18DE-48EA-8FA6-7DF5F14F0481}.Debug|Any CPU.ActiveCfg = Debug|Any CPU
		{D4758D0D-18DE-48EA-8FA6-7DF5F14F0481}.Debug|Any CPU.Build.0 = Debug|Any CPU
		{D4758D0D-18DE-48EA-8FA6-7DF5F14F0481}.Release|Any CPU.ActiveCfg = Release|Any CPU
		{D4758D0D-18DE-48EA-8FA6-7DF5F14F0481}.Release|Any CPU.Build.0 = Release|Any CPU
		{650B64BD-72C3-4E90-AD2E-E3E36EC590C6}.Debug|Any CPU.ActiveCfg = Debug|Any CPU
		{650B64BD-72C3-4E90-AD2E-E3E36EC590C6}.Debug|Any CPU.Build.0 = Debug|Any CPU
		{650B64BD-72C3-4E90-AD2E-E3E36EC590C6}.Release|Any CPU.ActiveCfg = Release|Any CPU
		{650B64BD-72C3-4E90-AD2E-E3E36EC590C6}.Release|Any CPU.Build.0 = Release|Any CPU
		{9AEB3D6F-1405-4D0C-83AD-2EA95676BB71}.Debug|Any CPU.ActiveCfg = Debug|Any CPU
		{9AEB3D6F-1405-4D0C-83AD-2EA95676BB71}.Debug|Any CPU.Build.0 = Debug|Any CPU
		{9AEB3D6F-1405-4D0C-83AD-2EA95676BB71}.Release|Any CPU.ActiveCfg = Release|Any CPU
		{9AEB3D6F-1405-4D0C-83AD-2EA95676BB71}.Release|Any CPU.Build.0 = Release|Any CPU
		{B1F8C68F-83DC-4EFB-AB39-C8A090C70BB8}.Debug|Any CPU.ActiveCfg = Debug|Any CPU
		{B1F8C68F-83DC-4EFB-AB39-C8A090C70BB8}.Debug|Any CPU.Build.0 = Debug|Any CPU
		{B1F8C68F-83DC-4EFB-AB39-C8A090C70BB8}.Release|Any CPU.ActiveCfg = Release|Any CPU
		{B1F8C68F-83DC-4EFB-AB39-C8A090C70BB8}.Release|Any CPU.Build.0 = Release|Any CPU
	EndGlobalSection
	GlobalSection(SolutionProperties) = preSolution
		HideSolutionNode = FALSE
	EndGlobalSection
	GlobalSection(NestedProjects) = preSolution
		{650B64BD-72C3-4E90-AD2E-E3E36EC590C6} = {4D8BBC97-25D9-4756-901B-6AC9F9265515}
	EndGlobalSection
EndGlobal
